lockfileVersion: '9.0'

settings:
  autoInstallPeers: true
  excludeLinksFromLockfile: false

importers:

  .:
    dependencies:
      '@lancedb/lancedb':
        specifier: ^0.23.0
        version: 0.23.0(apache-arrow@18.1.0)
      '@sinclair/typebox':
        specifier: 0.34.47
        version: 0.34.47
      openai:
        specifier: ^6.16.0
        version: 6.22.0
    devDependencies:
      typescript:
        specifier: ^5.9.3
        version: 5.9.3

packages:

  '@lancedb/lancedb-darwin-arm64@0.23.0':
    resolution: {integrity: sha512-8w0sMCNMwBv2kv5+fczGeSVlNOL+BOKChSsO4usM0hMw3PmxasONPctQBsESDuPS8lQ6/AKAQc2HT/ddd5Mg5w==}
    engines: {node: '>= 18'}
    cpu: [arm64]
    os: [darwin]

  '@lancedb/lancedb-linux-arm64-gnu@0.23.0':
    resolution: {integrity: sha512-+xse2IspO7hbuHT4H62q8Ct00fTojnuBxXp1X1I3/27dDvW8E+/itFiJuTZ0YMaJc7nNr9qh9YFXZ9hZdEmReg==}
    engines: {node: '>= 18'}
    cpu: [arm64]
    os: [linux]
    libc: [glibc]

  '@lancedb/lancedb-linux-arm64-musl@0.23.0':
    resolution: {integrity: sha512-c2UCtGoYjA3oDdw5y3RLK7J2th3rSjYBng+1I03vU9g092y8KATAJO/lV2AtyxSC+esSuyY1dMEaj8ADcXjZAA==}
    engines: {node: '>= 18'}
    cpu: [arm64]
    os: [linux]
    libc: [musl]

  '@lancedb/lancedb-linux-x64-gnu@0.23.0':
    resolution: {integrity: sha512-OPL7tK3JCTx43ZxvbVs+CljfCer0KrojANQbcJ2V4VAp6XBhKx1sBAlIVGuCrd93pA8UOUP3iHsM7aglPo6rCg==}
    engines: {node: '>= 18'}
    cpu: [x64]
    os: [linux]
    libc: [glibc]

  '@lancedb/lancedb-linux-x64-musl@0.23.0':
    resolution: {integrity: sha512-1ZEoQDwOrKvwPyAG+95/r1NYqX8Ca5bRek8Vr62CzWCEmHd/pFeEGWZ5STrkh+Bt3GLdi2JOivFtRbmuBAJypQ==}
    engines: {node: '>= 18'}
    cpu: [x64]
    os: [linux]
    libc: [musl]

  '@lancedb/lancedb-win32-arm64-msvc@0.23.0':
    resolution: {integrity: sha512-OuD1mkrgXvijRlXdbx3LvfuorO04FD5qHegnTOWGXh1sIwwrvvhcJAvXUGBNLY4n/lsWvA+xTjtMwRjUitvPKg==}
    engines: {node: '>= 18'}
    cpu: [arm64]
    os: [win32]

  '@lancedb/lancedb-win32-x64-msvc@0.23.0':
    resolution: {integrity: sha512-5ve1hvVtp8zWxSE9A+MOQaicXl2Rn0ZG/NUaMTjTD3/CQHPKFmtrqDnM5khoPICTj2O2b10F6mn4cUzl5PASgA==}
    engines: {node: '>= 18'}
    cpu: [x64]
    os: [win32]

  '@lancedb/lancedb@0.23.0':
    resolution: {integrity: sha512-aYrIoEG24AC+wILCL57Ius/Y4yU+xFHDPKLvmjzzN4byAjzeIGF0TC86S5RBt4Ji+dxS7yIWV5Q/gE5/fybIFQ==}
    engines: {node: '>= 18'}
    cpu: [x64, arm64]
    os: [darwin, linux, win32]
    peerDependencies:
      apache-arrow: '>=15.0.0 <=18.1.0'

  '@sinclair/typebox@0.34.47':
    resolution: {integrity: sha512-ZGIBQ+XDvO5JQku9wmwtabcVTHJsgSWAHYtVuM9pBNNR5E88v6Jcj/llpmsjivig5X8A8HHOb4/mbEKPS5EvAw==}

  '@swc/helpers@0.5.18':
    resolution: {integrity: sha512-TXTnIcNJQEKwThMMqBXsZ4VGAza6bvN4pa41Rkqoio6QBKMvo+5lexeTMScGCIxtzgQJzElcvIltani+adC5PQ==}

  '@types/command-line-args@5.2.3':
    resolution: {integrity: sha512-uv0aG6R0Y8WHZLTamZwtfsDLVRnOa+n+n5rEvFWL5Na5gZ8V2Teab/duDPFzIIIhs9qizDpcavCusCLJZu62Kw==}

  '@types/command-line-usage@5.0.4':
    resolution: {integrity: sha512-BwR5KP3Es/CSht0xqBcUXS3qCAUVXwpRKsV2+arxeb65atasuXG9LykC9Ab10Cw3s2raH92ZqOeILaQbsB2ACg==}

  '@types/node@20.19.33':
    resolution: {integrity: sha512-Rs1bVAIdBs5gbTIKza/tgpMuG1k3U/UMJLWecIMxNdJFDMzcM5LOiLVRYh3PilWEYDIeUDv7bpiHPLPsbydGcw==}

  ansi-styles@4.3.0:
    resolution: {integrity: sha512-zbB9rCJAT1rbjiVDb2hqKFHNYLxgtk8NURxZ3IZwD3F6NtxbXZQCnnSi1Lkx+IDohdPlFp222wVALIheZJQSEg==}
    engines: {node: '>=8'}

  apache-arrow@18.1.0:
    resolution: {integrity: sha512-v/ShMp57iBnBp4lDgV8Jx3d3Q5/Hac25FWmQ98eMahUiHPXcvwIMKJD0hBIgclm/FCG+LwPkAKtkRO1O/W0YGg==}
    hasBin: true

  array-back@3.1.0:
    resolution: {integrity: sha512-TkuxA4UCOvxuDK6NZYXCalszEzj+TLszyASooky+i742l9TqsOdYCMJJupxRic61hwquNtppB3hgcuq9SVSH1Q==}
    engines: {node: '>=6'}

  array-back@6.2.2:
    resolution: {integrity: sha512-gUAZ7HPyb4SJczXAMUXMGAvI976JoK3qEx9v1FTmeYuJj0IBiaKttG1ydtGKdkfqWkIkouke7nG8ufGy77+Cvw==}
    engines: {node: '>=12.17'}

  chalk-template@0.4.0:
    resolution: {integrity: sha512-/ghrgmhfY8RaSdeo43hNXxpoHAtxdbskUHjPpfqUWGttFgycUhYPGx3YZBCnUCvOa7Doivn1IZec3DEGFoMgLg==}
    engines: {node: '>=12'}

  chalk@4.1.2:
    resolution: {integrity: sha512-oKnbhFyRIXpUuez8iBMmyEa4nbj4IOQyuhc/wy9kY7/WVPcwIO9VA668Pu8RkO7+0G76SLROeyw9CpQ061i4mA==}
    engines: {node: '>=10'}

  color-convert@2.0.1:
    resolution: {integrity: sha512-RRECPsj7iu/xb5oKYcsFHSppFNnsj/52OVTRKb4zP5onXwVF3zVmmToNcOfGC+CRDpfK/U584fMg38ZHCaElKQ==}
    engines: {node: '>=7.0.0'}

  color-name@1.1.4:
    resolution: {integrity: sha512-dOy+3AuW3a2wNbZHIuMZpTcgjGuLU/uBL/ubcZF9OXbDo8ff4O8yVp5Bf0efS8uEoYo5q4Fx7dY9OgQGXgAsQA==}

  command-line-args@5.2.1:
    resolution: {integrity: sha512-H4UfQhZyakIjC74I9d34fGYDwk3XpSr17QhEd0Q3I9Xq1CETHo4Hcuo87WyWHpAF1aSLjLRf5lD9ZGX2qStUvg==}
    engines: {node: '>=4.0.0'}

  command-line-usage@7.0.3:
    resolution: {integrity: sha512-PqMLy5+YGwhMh1wS04mVG44oqDsgyLRSKJBdOo1bnYhMKBW65gZF1dRp2OZRhiTjgUHljy99qkO7bsctLaw35Q==}
    engines: {node: '>=12.20.0'}

  find-replace@3.0.0:
    resolution: {integrity: sha512-6Tb2myMioCAgv5kfvP5/PkZZ/ntTpVK39fHY7WkWBgvbeE+VHd/tZuZ4mrC+bxh4cfOZeYKVPaJIZtZXV7GNCQ==}
    engines: {node: '>=4.0.0'}

  flatbuffers@24.12.23:
    resolution: {integrity: sha512-dLVCAISd5mhls514keQzmEG6QHmUUsNuWsb4tFafIUwvvgDjXhtfAYSKOzt5SWOy+qByV5pbsDZ+Vb7HUOBEdA==}

  has-flag@4.0.0:
    resolution: {integrity: sha512-EykJT/Q1KjTWctppgIAgfSO0tKVuZUjhgMr17kqTumMl6Afv3EISleU7qZUzoXDFTAHTDC4NOoG/ZxU3EvlMPQ==}
    engines: {node: '>=8'}

  json-bignum@0.0.3:
    resolution: {integrity: sha512-2WHyXj3OfHSgNyuzDbSxI1w2jgw5gkWSWhS7Qg4bWXx1nLk3jnbwfUeS0PSba3IzpTUWdHxBieELUzXRjQB2zg==}
    engines: {node: '>=0.8'}

  lodash.camelcase@4.3.0:
    resolution: {integrity: sha512-TwuEnCnxbc3rAvhf/LbG7tJUDzhqXyFnv3dtzLOPgCG/hODL7WFnsbwktkD7yUV0RrreP/l1PALq/YSg6VvjlA==}

  openai@6.22.0:
    resolution: {integrity: sha512-7Yvy17F33Bi9RutWbsaYt5hJEEJ/krRPOrwan+f9aCPuMat1WVsb2VNSII5W1EksKT6fF69TG/xj4XzodK3JZw==}
    hasBin: true
    peerDependencies:
      ws: ^8.18.0
      zod: ^3.25 || ^4.0
    peerDependenciesMeta:
      ws:
        optional: true
      zod:
        optional: true

  reflect-metadata@0.2.2:
    resolution: {integrity: sha512-urBwgfrvVP/eAyXx4hluJivBKzuEbSQs9rKWCrCkbSxNv8mxPcUZKeuoF3Uy4mJl3Lwprp6yy5/39VWigZ4K6Q==}

  supports-color@7.2.0:
    resolution: {integrity: sha512-qpCAvRl9stuOHveKsn7HncJRvv501qIacKzQlO/+Lwxc9+0q2wLyv4Dfvt80/DPn2pqOBsJdDiogXGR9+OvwRw==}
    engines: {node: '>=8'}

  table-layout@4.1.1:
    resolution: {integrity: sha512-iK5/YhZxq5GO5z8wb0bY1317uDF3Zjpha0QFFLA8/trAoiLbQD0HUbMesEaxyzUgDxi2QlcbM8IvqOlEjgoXBA==}
    engines: {node: '>=12.17'}

  tslib@2.8.1:
    resolution: {integrity: sha512-oJFu94HQb+KVduSUQL7wnpmqnfmLsOA/nAh6b6EH0wCEoK0/mPeXU6c3wKDV83MkOuHPRHtSXKKU99IBazS/2w==}

  typescript@5.9.3:
    resolution: {integrity: sha512-jl1vZzPDinLr9eUt3J/t7V6FgNEw9QjvBPdysz9KfQDD41fQrC2Y4vKQdiaUpFT4bXlb1RHhLpp8wtm6M5TgSw==}
    engines: {node: '>=14.17'}
    hasBin: true

  typical@4.0.0:
    resolution: {integrity: sha512-VAH4IvQ7BDFYglMd7BPRDfLgxZZX4O4TFcRDA6EN5X7erNJJq+McIEp8np9aVtxrCJ6qx4GTYVfOWNjcqwZgRw==}
    engines: {node: '>=8'}

  typical@7.3.0:
    resolution: {integrity: sha512-ya4mg/30vm+DOWfBg4YK3j2WD6TWtRkCbasOJr40CseYENzCUby/7rIvXA99JGsQHeNxLbnXdyLLxKSv3tauFw==}
    engines: {node: '>=12.17'}

  undici-types@6.21.0:
    resolution: {integrity: sha512-iwDZqg0QAGrg9Rav5H4n0M64c3mkR59cJ6wQp+7C4nI0gsmExaedaYLNO44eT4AtBBwjbTiGPMlt2Md0T9H9JQ==}

  wordwrapjs@5.1.1:
    resolution: {integrity: sha512-0yweIbkINJodk27gX9LBGMzyQdBDan3s/dEAiwBOj+Mf0PPyWL6/rikalkv8EeD0E8jm4o5RXEOrFTP3NXbhJg==}
    engines: {node: '>=12.17'}

snapshots:

  '@lancedb/lancedb-darwin-arm64@0.23.0':
    optional: true

  '@lancedb/lancedb-linux-arm64-gnu@0.23.0':
    optional: true

  '@lancedb/lancedb-linux-arm64-musl@0.23.0':
    optional: true

  '@lancedb/lancedb-linux-x64-gnu@0.23.0':
    optional: true

  '@lancedb/lancedb-linux-x64-musl@0.23.0':
    optional: true

  '@lancedb/lancedb-win32-arm64-msvc@0.23.0':
    optional: true

  '@lancedb/lancedb-win32-x64-msvc@0.23.0':
    optional: true

  '@lancedb/lancedb@0.23.0(apache-arrow@18.1.0)':
    dependencies:
      apache-arrow: 18.1.0
      reflect-metadata: 0.2.2
    optionalDependencies:
      '@lancedb/lancedb-darwin-arm64': 0.23.0
      '@lancedb/lancedb-linux-arm64-gnu': 0.23.0
      '@lancedb/lancedb-linux-arm64-musl': 0.23.0
      '@lancedb/lancedb-linux-x64-gnu': 0.23.0
      '@lancedb/lancedb-linux-x64-musl': 0.23.0
      '@lancedb/lancedb-win32-arm64-msvc': 0.23.0
      '@lancedb/lancedb-win32-x64-msvc': 0.23.0

  '@sinclair/typebox@0.34.47': {}

  '@swc/helpers@0.5.18':
    dependencies:
      tslib: 2.8.1

  '@types/command-line-args@5.2.3': {}

  '@types/command-line-usage@5.0.4': {}

  '@types/node@20.19.33':
    dependencies:
      undici-types: 6.21.0

  ansi-styles@4.3.0:
    dependencies:
      color-convert: 2.0.1

  apache-arrow@18.1.0:
    dependencies:
      '@swc/helpers': 0.5.18
      '@types/command-line-args': 5.2.3
      '@types/command-line-usage': 5.0.4
      '@types/node': 20.19.33
      command-line-args: 5.2.1
      command-line-usage: 7.0.3
      flatbuffers: 24.12.23
      json-bignum: 0.0.3
      tslib: 2.8.1

  array-back@3.1.0: {}

  array-back@6.2.2: {}

  chalk-template@0.4.0:
    dependencies:
      chalk: 4.1.2

  chalk@4.1.2:
    dependencies:
      ansi-styles: 4.3.0
      supports-color: 7.2.0

  color-convert@2.0.1:
    dependencies:
      color-name: 1.1.4

  color-name@1.1.4: {}

  command-line-args@5.2.1:
    dependencies:
      array-back: 3.1.0
      find-replace: 3.0.0
      lodash.camelcase: 4.3.0
      typical: 4.0.0

  command-line-usage@7.0.3:
    dependencies:
      array-back: 6.2.2
      chalk-template: 0.4.0
      table-layout: 4.1.1
      typical: 7.3.0

  find-replace@3.0.0:
    dependencies:
      array-back: 3.1.0

  flatbuffers@24.12.23: {}

  has-flag@4.0.0: {}

  json-bignum@0.0.3: {}

  lodash.camelcase@4.3.0: {}

  openai@6.22.0: {}

  reflect-metadata@0.2.2: {}

  supports-color@7.2.0:
    dependencies:
      has-flag: 4.0.0

  table-layout@4.1.1:
    dependencies:
      array-back: 6.2.2
      wordwrapjs: 5.1.1

  tslib@2.8.1: {}

  typescript@5.9.3: {}

  typical@4.0.0: {}

  typical@7.3.0: {}

  undici-types@6.21.0: {}

  wordwrapjs@5.1.1: {}
